# THIS IS AN AUTOGENERATED FILE. DO NOT EDIT THIS FILE DIRECTLY.
# yarn lockfile v1


acorn-es7-plugin@^1.1.7:
  version "1.1.7"
  resolved "https://registry.yarnpkg.com/acorn-es7-plugin/-/acorn-es7-plugin-1.1.7.tgz#f2ee1f3228a90eead1245f9ab1922eb2e71d336b"

acorn@^5.0.3:
  version "5.0.3"
  resolved "https://registry.yarnpkg.com/acorn/-/acorn-5.0.3.tgz#c460df08491463f028ccb82eab3730bf01087b3d"

jsrf@^1.0.0-alpha.0:
  version "1.0.0-alpha.0"
  resolved "https://registry.yarnpkg.com/jsrf/-/jsrf-1.0.0-alpha.0.tgz#1b92c163e34aea7d7672cc40c0464aa10e370480"
  dependencies:
    acorn "^5.0.3"
    acorn-es7-plugin "^1.1.7"
